
Microsoft Visual Studio Solution File, Format Version 12.00
# Visual Studio 15
VisualStudioVersion = 15.0.28307.102
MinimumVisualStudioVersion = 10.0.40219.1
Project("{8BC9CEB8-8B4A-11D0-8D11-00A0C91BC942}") = "BigNumbers", "BigNumbers\BigNumbers.vcxproj", "{CD5B0F63-7464-475B-9920-B052C4AF115E}"
EndProject
Global
	GlobalSection(SolutionConfigurationPlatforms) = preSolution
		Debug|x64 = Debug|x64
		Debug|x86 = Debug|x86
		Release|x64 = Release|x64
		Release|x86 = Release|x86
	EndGlobalSection
	GlobalSection(ProjectConfigurationPlatforms) = postSolution
		{CD5B0F63-7464-475B-9920-B052C4AF115E}.Debug|x64.ActiveCfg = Debug|x64
		{CD5B0F63-7464-475B-9920-B052C4AF115E}.Debug|x64.Build.0 = Debug|x64
		{CD5B0F63-7464-475B-9920-B052C4AF115E}.Debug|x86.ActiveCfg = Debug|Win32
		{CD5B0F63-7464-475B-9920-B052C4AF115E}.Debug|x86.Build.0 = Debug|Win32
		{CD5B0F63-7464-475B-9920-B052C4AF115E}.Release|x64.ActiveCfg = Release|x64
		{CD5B0F63-7464-475B-9920-B052C4AF115E}.Release|x64.Build.0 = Release|x64
		{CD5B0F63-7464-475B-9920-B052C4AF115E}.Release|x86.ActiveCfg = Release|Win32
		{CD5B0F63-7464-475B-9920-B052C4AF115E}.Release|x86.Build.0 = Release|Win32
	EndGlobalSection
	GlobalSection(SolutionProperties) = preSolution
		HideSolutionNode = FALSE
	EndGlobalSection
	GlobalSection(ExtensibilityGlobals) = postSolution
		SolutionGuid = {C2D2EE39-A811-42F5-8CCA-3F2D1972D856}
	EndGlobalSection
EndGlobal
